
Microsoft Visual Studio Solution File, Format Version 12.00
# Visual Studio 15
VisualStudioVersion = 15.0.28307.168
MinimumVisualStudioVersion = 10.0.40219.1
Project("{FAE04EC0-301F-11D3-BF4B-00C04F79EFBC}") = "自动抽奖工具", "自动抽奖工具\自动抽奖工具.csproj", "{028139A0-406D-4FA2-83FA-732C8A3D3D31}"
EndProject
Global
	GlobalSection(SolutionConfigurationPlatforms) = preSolution
		Debug|Any CPU = Debug|Any CPU
		Release|Any CPU = Release|Any CPU
	EndGlobalSection
	GlobalSection(ProjectConfigurationPlatforms) = postSolution
		{028139A0-406D-4FA2-83FA-732C8A3D3D31}.Debug|Any CPU.ActiveCfg = Debug|Any CPU
		{028139A0-406D-4FA2-83FA-732C8A3D3D31}.Debug|Any CPU.Build.0 = Debug|Any CPU
		{028139A0-406D-4FA2-83FA-732C8A3D3D31}.Release|Any CPU.ActiveCfg = Release|Any CPU
		{028139A0-406D-4FA2-83FA-732C8A3D3D31}.Release|Any CPU.Build.0 = Release|Any CPU
	EndGlobalSection
	GlobalSection(SolutionProperties) = preSolution
		HideSolutionNode = FALSE
	EndGlobalSection
	GlobalSection(ExtensibilityGlobals) = postSolution
		SolutionGuid = {EF0A61C7-4546-4545-B8FF-BF139E5A6AA9}
	EndGlobalSection
EndGlobal
