
Microsoft Visual Studio Solution File, Format Version 12.00
# Visual Studio Version 16
VisualStudioVersion = 16.0.29609.76
MinimumVisualStudioVersion = 10.0.40219.1
Project("{FAE04EC0-301F-11D3-BF4B-00C04F79EFBC}") = "音乐下载器", "音乐下载器\音乐下载器.csproj", "{7D032769-BCD1-416E-93B9-120A99B99C50}"
EndProject
Global
	GlobalSection(SolutionConfigurationPlatforms) = preSolution
		Debug|Any CPU = Debug|Any CPU
		Release|Any CPU = Release|Any CPU
	EndGlobalSection
	GlobalSection(ProjectConfigurationPlatforms) = postSolution
		{7D032769-BCD1-416E-93B9-120A99B99C50}.Debug|Any CPU.ActiveCfg = Debug|Any CPU
		{7D032769-BCD1-416E-93B9-120A99B99C50}.Debug|Any CPU.Build.0 = Debug|Any CPU
		{7D032769-BCD1-416E-93B9-120A99B99C50}.Release|Any CPU.ActiveCfg = Release|Any CPU
		{7D032769-BCD1-416E-93B9-120A99B99C50}.Release|Any CPU.Build.0 = Release|Any CPU
	EndGlobalSection
	GlobalSection(SolutionProperties) = preSolution
		HideSolutionNode = FALSE
	EndGlobalSection
	GlobalSection(ExtensibilityGlobals) = postSolution
		SolutionGuid = {B5607C13-4183-4532-AF86-7F260D75E46E}
	EndGlobalSection
EndGlobal
