
Microsoft Visual Studio Solution File, Format Version 12.00
# Visual Studio Version 16
VisualStudioVersion = 16.0.29519.87
MinimumVisualStudioVersion = 10.0.40219.1
Project("{FAE04EC0-301F-11D3-BF4B-00C04F79EFBC}") = "多功能爬虫", "多功能爬虫\多功能爬虫.csproj", "{F1736828-55CC-410C-B8B4-AD66E7954047}"
EndProject
Global
	GlobalSection(SolutionConfigurationPlatforms) = preSolution
		Debug|Any CPU = Debug|Any CPU
		Release|Any CPU = Release|Any CPU
	EndGlobalSection
	GlobalSection(ProjectConfigurationPlatforms) = postSolution
		{F1736828-55CC-410C-B8B4-AD66E7954047}.Debug|Any CPU.ActiveCfg = Debug|Any CPU
		{F1736828-55CC-410C-B8B4-AD66E7954047}.Debug|Any CPU.Build.0 = Debug|Any CPU
		{F1736828-55CC-410C-B8B4-AD66E7954047}.Release|Any CPU.ActiveCfg = Release|Any CPU
		{F1736828-55CC-410C-B8B4-AD66E7954047}.Release|Any CPU.Build.0 = Release|Any CPU
	EndGlobalSection
	GlobalSection(SolutionProperties) = preSolution
		HideSolutionNode = FALSE
	EndGlobalSection
	GlobalSection(ExtensibilityGlobals) = postSolution
		SolutionGuid = {2AA19525-80BA-4444-9940-FEEE665130D1}
	EndGlobalSection
EndGlobal
